
Microsoft Visual Studio Solution File, Format Version 12.00
# Visual Studio Version 17
VisualStudioVersion = 17.10.35013.160
MinimumVisualStudioVersion = 10.0.40219.1
Project("{FAE04EC0-301F-11D3-BF4B-00C04F79EFBC}") = "RPG", "RPG\RPG.csproj", "{73CCC43B-86E1-4E04-90B3-CAEB5C69439C}"
EndProject
Global
	GlobalSection(SolutionConfigurationPlatforms) = preSolution
		Debug|Any CPU = Debug|Any CPU
		Release|Any CPU = Release|Any CPU
	EndGlobalSection
	GlobalSection(ProjectConfigurationPlatforms) = postSolution
		{73CCC43B-86E1-4E04-90B3-CAEB5C69439C}.Debug|Any CPU.ActiveCfg = Debug|Any CPU
		{73CCC43B-86E1-4E04-90B3-CAEB5C69439C}.Debug|Any CPU.Build.0 = Debug|Any CPU
		{73CCC43B-86E1-4E04-90B3-CAEB5C69439C}.Release|Any CPU.ActiveCfg = Release|Any CPU
		{73CCC43B-86E1-4E04-90B3-CAEB5C69439C}.Release|Any CPU.Build.0 = Release|Any CPU
	EndGlobalSection
	GlobalSection(SolutionProperties) = preSolution
		HideSolutionNode = FALSE
	EndGlobalSection
	GlobalSection(ExtensibilityGlobals) = postSolution
		SolutionGuid = {FA59BB02-7D5E-4514-AF9D-8D89DAF531BA}
	EndGlobalSection
EndGlobal
